
Microsoft Visual Studio Solution File, Format Version 12.00
# Visual Studio Version 17
VisualStudioVersion = 17.8.34330.188
MinimumVisualStudioVersion = 10.0.40219.1
Project("{2150E333-8FDC-42A3-9474-1A3956D46DE8}") = "08. Integration Testing", "08. Integration Testing", "{7991BBD2-A33D-4C09-AAC5-58F839C30733}"
EndProject
Project("{9A19103F-16F7-4668-BE54-9A1E7A4F7556}") = "TownsApplication", "08. Integration Testing\TownsApplication\TownsApplication\TownsApplication.csproj", "{B56FB35B-689E-40BB-ADA6-6A097EF50ABF}"
EndProject
Project("{9A19103F-16F7-4668-BE54-9A1E7A4F7556}") = "TownApplication.IntegrationTests", "08. Integration Testing\TownsApplication\TownApplication.IntegrationTests\TownApplication.IntegrationTests.csproj", "{812E5078-3F28-4626-9A53-D4F4EB894B18}"
EndProject
Project("{2150E333-8FDC-42A3-9474-1A3956D46DE8}") = "09. Exercises Integration Testing - part 1", "09. Exercises Integration Testing - part 1", "{51516082-7851-4C31-890D-0B33294E893E}"
EndProject
Project("{9A19103F-16F7-4668-BE54-9A1E7A4F7556}") = "LibroConsoleAPI.IntegrationTests.NUnit", "09. Exercises Integration Testing - part 1\LibroConsoleAPI\LibroConsoleAPI.IntegrationTests.NUnit\LibroConsoleAPI.IntegrationTests.NUnit.csproj", "{C3FA6F76-3045-4254-9CE5-042E262B1971}"
EndProject
Project("{9A19103F-16F7-4668-BE54-9A1E7A4F7556}") = "LibroConsoleAPI.IntegrationTests.XUnit", "09. Exercises Integration Testing - part 1\LibroConsoleAPI\LibroConsoleAPI.IntegrationTests\LibroConsoleAPI.IntegrationTests.XUnit.csproj", "{BFFD7EDC-AEFE-4228-94F8-07D492262074}"
EndProject
Project("{9A19103F-16F7-4668-BE54-9A1E7A4F7556}") = "LibroConsoleAPI", "09. Exercises Integration Testing - part 1\LibroConsoleAPI\LibroConsoleAPI\LibroConsoleAPI.csproj", "{31FA7C8B-3A86-4B05-A42B-A3835BD8B559}"
EndProject
Project("{2150E333-8FDC-42A3-9474-1A3956D46DE8}") = "10. Exercises Integration Testing - part 2", "10. Exercises Integration Testing - part 2", "{8D92ABAC-1B79-4766-8649-1C6C250BD780}"
EndProject
Project("{9A19103F-16F7-4668-BE54-9A1E7A4F7556}") = "MoviesLibraryAPI", "10. Exercises Integration Testing - part 2\MoviesLibraryAPI\MoviesLibraryAPI.csproj", "{44EF9A9D-F6B2-41C9-AA61-6FFFE091CA5D}"
EndProject
Project("{9A19103F-16F7-4668-BE54-9A1E7A4F7556}") = "MoviesLibraryAPI.IntegrationTests.NUnit", "10. Exercises Integration Testing - part 2\MoviesLibraryAPI.Tests\MoviesLibraryAPI.IntegrationTests.NUnit.csproj", "{925DCC9A-BC99-4A34-A027-0924D8BDC7E4}"
EndProject
Project("{9A19103F-16F7-4668-BE54-9A1E7A4F7556}") = "MoviesLibraryAPI.IntegrationTests.XUnit", "10. Exercises Integration Testing - part 2\TestProject1\MoviesLibraryAPI.IntegrationTests.XUnit.csproj", "{D9A7A744-25B3-42EE-A61B-89D0056A3DC7}"
EndProject
Project("{2150E333-8FDC-42A3-9474-1A3956D46DE8}") = "11. Unit Testing with Mocking", "11. Unit Testing with Mocking", "{32B4F301-B9A0-4BBC-AD75-F6B48AA138DB}"
EndProject
Project("{9A19103F-16F7-4668-BE54-9A1E7A4F7556}") = "ItemManagementApp", "11. Unit Testing with Mocking\ItemManagement\ItemManagementApp\ItemManagementApp.csproj", "{67470A9F-8113-4BE5-9A93-FA5CDAB73E3E}"
EndProject
Project("{9A19103F-16F7-4668-BE54-9A1E7A4F7556}") = "ItemManagementLib", "11. Unit Testing with Mocking\ItemManagement\ItemManagementLib\ItemManagementLib.csproj", "{6E62C2DD-767E-4E25-8FA8-8E0E270EFA7B}"
EndProject
Project("{9A19103F-16F7-4668-BE54-9A1E7A4F7556}") = "ItemManagementTests", "11. Unit Testing with Mocking\ItemManagement\ItemManagementTests\ItemManagementTests.csproj", "{92AA96D2-0F86-4172-A301-18B826F2C915}"
EndProject
Project("{2150E333-8FDC-42A3-9474-1A3956D46DE8}") = "12. RESTful API Backend Apps", "12. RESTful API Backend Apps", "{056A929C-8245-4D66-A54D-4CB5D61F71C7}"
EndProject
Project("{2150E333-8FDC-42A3-9474-1A3956D46DE8}") = "13. Exercise Testing API Controllers", "13. Exercise Testing API Controllers", "{7EAE2E64-63A3-472E-B721-5909C368A076}"
EndProject
Project("{9A19103F-16F7-4668-BE54-9A1E7A4F7556}") = "Homies", "12. RESTful API Backend Apps\Homies\Homies.csproj", "{F0D3017B-6921-46E2-BFA4-F9093824B327}"
EndProject
Project("{9A19103F-16F7-4668-BE54-9A1E7A4F7556}") = "Homies", "13. Exercise Testing API Controllers\Homies\Homies.csproj", "{286A4BBD-193E-4E23-8888-CCB8DE029700}"
EndProject
Project("{9A19103F-16F7-4668-BE54-9A1E7A4F7556}") = "Homies.Tests", "13. Exercise Testing API Controllers\Homies.Tests\Homies.Tests.csproj", "{E8522EC3-E108-4505-86B3-88F41AFD68C0}"
EndProject
Project("{9A19103F-16F7-4668-BE54-9A1E7A4F7556}") = "GetGreeting", "Y:\#SoftUni\QA\06. Back-End Technologies Basics - януари 2024\GetGreeting\GetGreeting.csproj", "{250AAF2E-8876-42AA-AA93-EEB498B2F24E}"
EndProject
Project("{FAE04EC0-301F-11D3-BF4B-00C04F79EFBC}") = "ITimeProvider.Nunit.Tests", "ITimeProvider.Nunit.Tests\ITimeProvider.Nunit.Tests.csproj", "{918D1E7A-89B9-44D4-81C3-B86D02D99660}"
EndProject
Project("{9A19103F-16F7-4668-BE54-9A1E7A4F7556}") = "GreetingProvider.Nunit.Tests", "11. Unit Testing with Mocking\GreetingProvider.Nunit.Tests\GreetingProvider.Nunit.Tests.csproj", "{A7B5BD00-4818-4734-B969-208DB161FCD2}"
EndProject
Project("{2150E333-8FDC-42A3-9474-1A3956D46DE8}") = "14. Code Coverage", "14. Code Coverage", "{73F652DF-C78A-457A-90E3-D7E80EE3BFF2}"
EndProject
Project("{9A19103F-16F7-4668-BE54-9A1E7A4F7556}") = "LibraryManagement", "14. Code Coverage\LibraryManagement\LibraryManagement.csproj", "{F302D940-9A9E-43F0-9E58-BDF05112A6E0}"
EndProject
Project("{9A19103F-16F7-4668-BE54-9A1E7A4F7556}") = "LibraryManagementTest", "14. Code Coverage\LibraryManagementTest\LibraryManagementTest.csproj", "{31934875-BB93-4A23-8F33-2B2AB239B38E}"
EndProject
Global
	GlobalSection(SolutionConfigurationPlatforms) = preSolution
		Debug|Any CPU = Debug|Any CPU
		Release|Any CPU = Release|Any CPU
	EndGlobalSection
	GlobalSection(ProjectConfigurationPlatforms) = postSolution
		{B56FB35B-689E-40BB-ADA6-6A097EF50ABF}.Debug|Any CPU.ActiveCfg = Debug|Any CPU
		{B56FB35B-689E-40BB-ADA6-6A097EF50ABF}.Debug|Any CPU.Build.0 = Debug|Any CPU
		{B56FB35B-689E-40BB-ADA6-6A097EF50ABF}.Release|Any CPU.ActiveCfg = Release|Any CPU
		{B56FB35B-689E-40BB-ADA6-6A097EF50ABF}.Release|Any CPU.Build.0 = Release|Any CPU
		{812E5078-3F28-4626-9A53-D4F4EB894B18}.Debug|Any CPU.ActiveCfg = Debug|Any CPU
		{812E5078-3F28-4626-9A53-D4F4EB894B18}.Debug|Any CPU.Build.0 = Debug|Any CPU
		{812E5078-3F28-4626-9A53-D4F4EB894B18}.Release|Any CPU.ActiveCfg = Release|Any CPU
		{812E5078-3F28-4626-9A53-D4F4EB894B18}.Release|Any CPU.Build.0 = Release|Any CPU
		{C3FA6F76-3045-4254-9CE5-042E262B1971}.Debug|Any CPU.ActiveCfg = Debug|Any CPU
		{C3FA6F76-3045-4254-9CE5-042E262B1971}.Debug|Any CPU.Build.0 = Debug|Any CPU
		{C3FA6F76-3045-4254-9CE5-042E262B1971}.Release|Any CPU.ActiveCfg = Release|Any CPU
		{C3FA6F76-3045-4254-9CE5-042E262B1971}.Release|Any CPU.Build.0 = Release|Any CPU
		{BFFD7EDC-AEFE-4228-94F8-07D492262074}.Debug|Any CPU.ActiveCfg = Debug|Any CPU
		{BFFD7EDC-AEFE-4228-94F8-07D492262074}.Debug|Any CPU.Build.0 = Debug|Any CPU
		{BFFD7EDC-AEFE-4228-94F8-07D492262074}.Release|Any CPU.ActiveCfg = Release|Any CPU
		{BFFD7EDC-AEFE-4228-94F8-07D492262074}.Release|Any CPU.Build.0 = Release|Any CPU
		{31FA7C8B-3A86-4B05-A42B-A3835BD8B559}.Debug|Any CPU.ActiveCfg = Debug|Any CPU
		{31FA7C8B-3A86-4B05-A42B-A3835BD8B559}.Debug|Any CPU.Build.0 = Debug|Any CPU
		{31FA7C8B-3A86-4B05-A42B-A3835BD8B559}.Release|Any CPU.ActiveCfg = Release|Any CPU
		{31FA7C8B-3A86-4B05-A42B-A3835BD8B559}.Release|Any CPU.Build.0 = Release|Any CPU
		{44EF9A9D-F6B2-41C9-AA61-6FFFE091CA5D}.Debug|Any CPU.ActiveCfg = Debug|Any CPU
		{44EF9A9D-F6B2-41C9-AA61-6FFFE091CA5D}.Debug|Any CPU.Build.0 = Debug|Any CPU
		{44EF9A9D-F6B2-41C9-AA61-6FFFE091CA5D}.Release|Any CPU.ActiveCfg = Release|Any CPU
		{44EF9A9D-F6B2-41C9-AA61-6FFFE091CA5D}.Release|Any CPU.Build.0 = Release|Any CPU
		{925DCC9A-BC99-4A34-A027-0924D8BDC7E4}.Debug|Any CPU.ActiveCfg = Debug|Any CPU
		{925DCC9A-BC99-4A34-A027-0924D8BDC7E4}.Debug|Any CPU.Build.0 = Debug|Any CPU
		{925DCC9A-BC99-4A34-A027-0924D8BDC7E4}.Release|Any CPU.ActiveCfg = Release|Any CPU
		{925DCC9A-BC99-4A34-A027-0924D8BDC7E4}.Release|Any CPU.Build.0 = Release|Any CPU
		{D9A7A744-25B3-42EE-A61B-89D0056A3DC7}.Debug|Any CPU.ActiveCfg = Debug|Any CPU
		{D9A7A744-25B3-42EE-A61B-89D0056A3DC7}.Debug|Any CPU.Build.0 = Debug|Any CPU
		{D9A7A744-25B3-42EE-A61B-89D0056A3DC7}.Release|Any CPU.ActiveCfg = Release|Any CPU
		{D9A7A744-25B3-42EE-A61B-89D0056A3DC7}.Release|Any CPU.Build.0 = Release|Any CPU
		{67470A9F-8113-4BE5-9A93-FA5CDAB73E3E}.Debug|Any CPU.ActiveCfg = Debug|Any CPU
		{67470A9F-8113-4BE5-9A93-FA5CDAB73E3E}.Debug|Any CPU.Build.0 = Debug|Any CPU
		{67470A9F-8113-4BE5-9A93-FA5CDAB73E3E}.Release|Any CPU.ActiveCfg = Release|Any CPU
		{67470A9F-8113-4BE5-9A93-FA5CDAB73E3E}.Release|Any CPU.Build.0 = Release|Any CPU
		{6E62C2DD-767E-4E25-8FA8-8E0E270EFA7B}.Debug|Any CPU.ActiveCfg = Debug|Any CPU
		{6E62C2DD-767E-4E25-8FA8-8E0E270EFA7B}.Debug|Any CPU.Build.0 = Debug|Any CPU
		{6E62C2DD-767E-4E25-8FA8-8E0E270EFA7B}.Release|Any CPU.ActiveCfg = Release|Any CPU
		{6E62C2DD-767E-4E25-8FA8-8E0E270EFA7B}.Release|Any CPU.Build.0 = Release|Any CPU
		{92AA96D2-0F86-4172-A301-18B826F2C915}.Debug|Any CPU.ActiveCfg = Debug|Any CPU
		{92AA96D2-0F86-4172-A301-18B826F2C915}.Debug|Any CPU.Build.0 = Debug|Any CPU
		{92AA96D2-0F86-4172-A301-18B826F2C915}.Release|Any CPU.ActiveCfg = Release|Any CPU
		{92AA96D2-0F86-4172-A301-18B826F2C915}.Release|Any CPU.Build.0 = Release|Any CPU
		{F0D3017B-6921-46E2-BFA4-F9093824B327}.Debug|Any CPU.ActiveCfg = Debug|Any CPU
		{F0D3017B-6921-46E2-BFA4-F9093824B327}.Debug|Any CPU.Build.0 = Debug|Any CPU
		{F0D3017B-6921-46E2-BFA4-F9093824B327}.Release|Any CPU.ActiveCfg = Release|Any CPU
		{F0D3017B-6921-46E2-BFA4-F9093824B327}.Release|Any CPU.Build.0 = Release|Any CPU
		{286A4BBD-193E-4E23-8888-CCB8DE029700}.Debug|Any CPU.ActiveCfg = Debug|Any CPU
		{286A4BBD-193E-4E23-8888-CCB8DE029700}.Debug|Any CPU.Build.0 = Debug|Any CPU
		{286A4BBD-193E-4E23-8888-CCB8DE029700}.Release|Any CPU.ActiveCfg = Release|Any CPU
		{286A4BBD-193E-4E23-8888-CCB8DE029700}.Release|Any CPU.Build.0 = Release|Any CPU
		{E8522EC3-E108-4505-86B3-88F41AFD68C0}.Debug|Any CPU.ActiveCfg = Debug|Any CPU
		{E8522EC3-E108-4505-86B3-88F41AFD68C0}.Debug|Any CPU.Build.0 = Debug|Any CPU
		{E8522EC3-E108-4505-86B3-88F41AFD68C0}.Release|Any CPU.ActiveCfg = Release|Any CPU
		{E8522EC3-E108-4505-86B3-88F41AFD68C0}.Release|Any CPU.Build.0 = Release|Any CPU
		{250AAF2E-8876-42AA-AA93-EEB498B2F24E}.Debug|Any CPU.ActiveCfg = Debug|Any CPU
		{250AAF2E-8876-42AA-AA93-EEB498B2F24E}.Debug|Any CPU.Build.0 = Debug|Any CPU
		{250AAF2E-8876-42AA-AA93-EEB498B2F24E}.Release|Any CPU.ActiveCfg = Release|Any CPU
		{250AAF2E-8876-42AA-AA93-EEB498B2F24E}.Release|Any CPU.Build.0 = Release|Any CPU
		{918D1E7A-89B9-44D4-81C3-B86D02D99660}.Debug|Any CPU.ActiveCfg = Debug|Any CPU
		{918D1E7A-89B9-44D4-81C3-B86D02D99660}.Debug|Any CPU.Build.0 = Debug|Any CPU
		{918D1E7A-89B9-44D4-81C3-B86D02D99660}.Release|Any CPU.ActiveCfg = Release|Any CPU
		{918D1E7A-89B9-44D4-81C3-B86D02D99660}.Release|Any CPU.Build.0 = Release|Any CPU
		{A7B5BD00-4818-4734-B969-208DB161FCD2}.Debug|Any CPU.ActiveCfg = Debug|Any CPU
		{A7B5BD00-4818-4734-B969-208DB161FCD2}.Debug|Any CPU.Build.0 = Debug|Any CPU
		{A7B5BD00-4818-4734-B969-208DB161FCD2}.Release|Any CPU.ActiveCfg = Release|Any CPU
		{A7B5BD00-4818-4734-B969-208DB161FCD2}.Release|Any CPU.Build.0 = Release|Any CPU
		{F302D940-9A9E-43F0-9E58-BDF05112A6E0}.Debug|Any CPU.ActiveCfg = Debug|Any CPU
		{F302D940-9A9E-43F0-9E58-BDF05112A6E0}.Debug|Any CPU.Build.0 = Debug|Any CPU
		{F302D940-9A9E-43F0-9E58-BDF05112A6E0}.Release|Any CPU.ActiveCfg = Release|Any CPU
		{F302D940-9A9E-43F0-9E58-BDF05112A6E0}.Release|Any CPU.Build.0 = Release|Any CPU
		{31934875-BB93-4A23-8F33-2B2AB239B38E}.Debug|Any CPU.ActiveCfg = Debug|Any CPU
		{31934875-BB93-4A23-8F33-2B2AB239B38E}.Debug|Any CPU.Build.0 = Debug|Any CPU
		{31934875-BB93-4A23-8F33-2B2AB239B38E}.Release|Any CPU.ActiveCfg = Release|Any CPU
		{31934875-BB93-4A23-8F33-2B2AB239B38E}.Release|Any CPU.Build.0 = Release|Any CPU
	EndGlobalSection
	GlobalSection(SolutionProperties) = preSolution
		HideSolutionNode = FALSE
	EndGlobalSection
	GlobalSection(NestedProjects) = preSolution
		{B56FB35B-689E-40BB-ADA6-6A097EF50ABF} = {7991BBD2-A33D-4C09-AAC5-58F839C30733}
		{812E5078-3F28-4626-9A53-D4F4EB894B18} = {7991BBD2-A33D-4C09-AAC5-58F839C30733}
		{C3FA6F76-3045-4254-9CE5-042E262B1971} = {51516082-7851-4C31-890D-0B33294E893E}
		{BFFD7EDC-AEFE-4228-94F8-07D492262074} = {51516082-7851-4C31-890D-0B33294E893E}
		{31FA7C8B-3A86-4B05-A42B-A3835BD8B559} = {51516082-7851-4C31-890D-0B33294E893E}
		{44EF9A9D-F6B2-41C9-AA61-6FFFE091CA5D} = {8D92ABAC-1B79-4766-8649-1C6C250BD780}
		{925DCC9A-BC99-4A34-A027-0924D8BDC7E4} = {8D92ABAC-1B79-4766-8649-1C6C250BD780}
		{D9A7A744-25B3-42EE-A61B-89D0056A3DC7} = {8D92ABAC-1B79-4766-8649-1C6C250BD780}
		{67470A9F-8113-4BE5-9A93-FA5CDAB73E3E} = {32B4F301-B9A0-4BBC-AD75-F6B48AA138DB}
		{6E62C2DD-767E-4E25-8FA8-8E0E270EFA7B} = {32B4F301-B9A0-4BBC-AD75-F6B48AA138DB}
		{92AA96D2-0F86-4172-A301-18B826F2C915} = {32B4F301-B9A0-4BBC-AD75-F6B48AA138DB}
		{F0D3017B-6921-46E2-BFA4-F9093824B327} = {056A929C-8245-4D66-A54D-4CB5D61F71C7}
		{286A4BBD-193E-4E23-8888-CCB8DE029700} = {7EAE2E64-63A3-472E-B721-5909C368A076}
		{E8522EC3-E108-4505-86B3-88F41AFD68C0} = {7EAE2E64-63A3-472E-B721-5909C368A076}
		{250AAF2E-8876-42AA-AA93-EEB498B2F24E} = {32B4F301-B9A0-4BBC-AD75-F6B48AA138DB}
		{918D1E7A-89B9-44D4-81C3-B86D02D99660} = {32B4F301-B9A0-4BBC-AD75-F6B48AA138DB}
		{A7B5BD00-4818-4734-B969-208DB161FCD2} = {32B4F301-B9A0-4BBC-AD75-F6B48AA138DB}
		{F302D940-9A9E-43F0-9E58-BDF05112A6E0} = {73F652DF-C78A-457A-90E3-D7E80EE3BFF2}
		{31934875-BB93-4A23-8F33-2B2AB239B38E} = {73F652DF-C78A-457A-90E3-D7E80EE3BFF2}
	EndGlobalSection
	GlobalSection(ExtensibilityGlobals) = postSolution
		SolutionGuid = {1CA4E0B6-227A-4D38-AA96-7C7B05634C1C}
	EndGlobalSection
EndGlobal
