
Microsoft Visual Studio Solution File, Format Version 12.00
# Visual Studio Version 17
VisualStudioVersion = 17.8.34511.84
MinimumVisualStudioVersion = 10.0.40219.1
Project("{9A19103F-16F7-4668-BE54-9A1E7A4F7556}") = "ZooConsoleAPI", "ZooConsoleAPI\ZooConsoleAPI.csproj", "{A9FD495A-1DFB-4E1A-ACFE-ECDF3DBF542B}"
EndProject
Project("{FAE04EC0-301F-11D3-BF4B-00C04F79EFBC}") = "ZooConsoleAPI.IntegrationTests.NUnit", "ZooConsoleAPI.IntegrationTests.NUnit\ZooConsoleAPI.IntegrationTests.NUnit.csproj", "{2AA0AD1D-841B-4D71-ABBD-D33EB597C36B}"
EndProject
Global
	GlobalSection(SolutionConfigurationPlatforms) = preSolution
		Debug|Any CPU = Debug|Any CPU
		Release|Any CPU = Release|Any CPU
	EndGlobalSection
	GlobalSection(ProjectConfigurationPlatforms) = postSolution
		{A9FD495A-1DFB-4E1A-ACFE-ECDF3DBF542B}.Debug|Any CPU.ActiveCfg = Debug|Any CPU
		{A9FD495A-1DFB-4E1A-ACFE-ECDF3DBF542B}.Debug|Any CPU.Build.0 = Debug|Any CPU
		{A9FD495A-1DFB-4E1A-ACFE-ECDF3DBF542B}.Release|Any CPU.ActiveCfg = Release|Any CPU
		{A9FD495A-1DFB-4E1A-ACFE-ECDF3DBF542B}.Release|Any CPU.Build.0 = Release|Any CPU
		{2AA0AD1D-841B-4D71-ABBD-D33EB597C36B}.Debug|Any CPU.ActiveCfg = Debug|Any CPU
		{2AA0AD1D-841B-4D71-ABBD-D33EB597C36B}.Debug|Any CPU.Build.0 = Debug|Any CPU
		{2AA0AD1D-841B-4D71-ABBD-D33EB597C36B}.Release|Any CPU.ActiveCfg = Release|Any CPU
		{2AA0AD1D-841B-4D71-ABBD-D33EB597C36B}.Release|Any CPU.Build.0 = Release|Any CPU
	EndGlobalSection
	GlobalSection(SolutionProperties) = preSolution
		HideSolutionNode = FALSE
	EndGlobalSection
	GlobalSection(ExtensibilityGlobals) = postSolution
		SolutionGuid = {B9F71E2F-26D9-4A81-8FC6-FF0269588584}
	EndGlobalSection
EndGlobal
